
Microsoft Visual Studio Solution File, Format Version 12.00
# Visual Studio Version 17
VisualStudioVersion = 17.4.33403.182
MinimumVisualStudioVersion = 10.0.40219.1
Project("{9A19103F-16F7-4668-BE54-9A1E7A4F7556}") = "X16D", "BitMagic.X16Debugger\X16D\X16D.csproj", "{1A61AC4C-C457-44E1-844D-DE1E5FCCF6E2}"
EndProject
Project("{9A19103F-16F7-4668-BE54-9A1E7A4F7556}") = "BitMagic.X16Emulator", "BitMagic.X16Emulator\BitMagic.X16Emulator\BitMagic.X16Emulator.csproj", "{647502D0-C8BB-44BB-8BD8-A965EB740E13}"
EndProject
Project("{2150E333-8FDC-42A3-9474-1A3956D46DE8}") = "Emulator", "Emulator", "{56C1711B-E0BB-40B0-BAF6-77E3206969A6}"
EndProject
Project("{9A19103F-16F7-4668-BE54-9A1E7A4F7556}") = "BitMagic.X16Emulator.Display", "BitMagic.X16Emulator\BitMagic.X16Emulator.Display\BitMagic.X16Emulator.Display.csproj", "{38918A95-0C95-474D-8359-8ECCD82EF3D4}"
EndProject
Project("{8BC9CEB8-8B4A-11D0-8D11-00A0C91BC942}") = "EmulatorCore", "BitMagic.X16Emulator\X16Emulator\EmulatorCore\EmulatorCore.vcxproj", "{C67527D8-12DD-4779-88AC-933CA3E46168}"
EndProject
Project("{2150E333-8FDC-42A3-9474-1A3956D46DE8}") = "Compiler", "Compiler", "{CC27194D-7040-412F-B2B0-D306FCB3B55A}"
EndProject
Project("{9A19103F-16F7-4668-BE54-9A1E7A4F7556}") = "BitMagic.Compiler", "BitMagic.X16Compiler\BitMagic.Compiler\BitMagic.Compiler.csproj", "{D51BE2FA-34C4-458A-AB87-465735D0C31A}"
EndProject
Project("{9A19103F-16F7-4668-BE54-9A1E7A4F7556}") = "BitMagic.Compiler.Cpu", "BitMagic.X16Compiler\BitMagic.Compiler.Cpu\BitMagic.Compiler.Cpu.csproj", "{12F7B102-D37E-4FCC-BE96-0DA263AD04BA}"
EndProject
Project("{9A19103F-16F7-4668-BE54-9A1E7A4F7556}") = "BitMagic.Cpu", "BitMagic.X16Compiler\BitMagic.Cpu\BitMagic.Cpu.csproj", "{35246774-35E3-465C-ADA1-91FD0B3B414E}"
EndProject
Project("{9A19103F-16F7-4668-BE54-9A1E7A4F7556}") = "BitMagic.Machines", "BitMagic.X16Compiler\BitMagic.Machines\BitMagic.Machines.csproj", "{76C8671F-D8ED-4D63-987B-92DBEA8CDF5B}"
EndProject
Project("{2150E333-8FDC-42A3-9474-1A3956D46DE8}") = "DiscUtils", "DiscUtils", "{52770F4D-C2B2-447A-8498-2D1E13EECA86}"
	ProjectSection(SolutionItems) = preProject
		External\DiscUtils\Library\Directory.Build.props = External\DiscUtils\Library\Directory.Build.props
	EndProjectSection
EndProject
Project("{9A19103F-16F7-4668-BE54-9A1E7A4F7556}") = "BitMagic.X16Debugger", "BitMagic.X16Debugger\BitMagic.X16Debugger\BitMagic.X16Debugger.csproj", "{731098DC-8E99-472F-BC7E-CF08A237E833}"
EndProject
Project("{2150E333-8FDC-42A3-9474-1A3956D46DE8}") = "_SolutionItems", "_SolutionItems", "{2806CB8A-1BFC-458E-986F-8675F2048903}"
	ProjectSection(SolutionItems) = preProject
		BitMagic.X16Debugger\.gitignore = BitMagic.X16Debugger\.gitignore
		Directory.Build.props = Directory.Build.props
		BitMagic.X16Debugger\launch.json = BitMagic.X16Debugger\launch.json
		BitMagic.X16Debugger\LICENSE = BitMagic.X16Debugger\LICENSE
	EndProjectSection
EndProject
Project("{2150E333-8FDC-42A3-9474-1A3956D46DE8}") = "Common", "Common", "{2E856C46-D027-481F-BCFC-44C64225F9FF}"
EndProject
Project("{9A19103F-16F7-4668-BE54-9A1E7A4F7556}") = "BitMagic.Common", "BitMagic.Libraries\BitMagic.Common\BitMagic.Common.csproj", "{222C82B7-79D3-4D97-BF9D-E10ACE51B3C7}"
EndProject
Project("{2150E333-8FDC-42A3-9474-1A3956D46DE8}") = "Decompiler", "Decompiler", "{7E37D0E0-64BB-4D88-AAAF-E44C3E468B68}"
EndProject
Project("{9A19103F-16F7-4668-BE54-9A1E7A4F7556}") = "BitMagic.Decompiler", "BitMagic.X16Compiler\BitMagic.Decompiler\BitMagic.Decompiler.csproj", "{B03F1DA7-08A7-4B51-A804-20B28C3EFE0D}"
EndProject
Project("{2150E333-8FDC-42A3-9474-1A3956D46DE8}") = "Solution Items", "Solution Items", "{A380AA6D-E22D-476F-8A29-FCC5F84EF1F7}"
	ProjectSection(SolutionItems) = preProject
		BitMagic.X16Debugger\.editorconfig = BitMagic.X16Debugger\.editorconfig
	EndProjectSection
EndProject
Project("{2150E333-8FDC-42A3-9474-1A3956D46DE8}") = "Template", "Template", "{629B4461-40B3-4425-932F-B436533B208E}"
EndProject
Project("{9A19103F-16F7-4668-BE54-9A1E7A4F7556}") = "BitMagic.TemplateEngine.X16", "BitMagic.TemplateEngine\BitMagic.TemplateEngine.X16\BitMagic.TemplateEngine.X16.csproj", "{52DB5614-C681-4BB1-9484-BE2285372668}"
EndProject
Project("{9A19103F-16F7-4668-BE54-9A1E7A4F7556}") = "BitMagic.TemplateEngine", "BitMagic.TemplateEngine\Bitmagic.TemplateEngine\BitMagic.TemplateEngine.csproj", "{D8E2FFA7-FEC2-4795-8A0F-27492649CB01}"
EndProject
Project("{9A19103F-16F7-4668-BE54-9A1E7A4F7556}") = "BitMagic.TemplateEngine.Compiler", "BitMagic.TemplateEngine\BitMagic.TemplateEngine.Compiler\BitMagic.TemplateEngine.Compiler.csproj", "{D701E288-1834-43B1-93B3-3B38F8BD37A9}"
EndProject
Project("{9A19103F-16F7-4668-BE54-9A1E7A4F7556}") = "BitMagic.TemplateEngine.Objects", "BitMagic.TemplateEngine\BitMagic.TemplateEngine.Objects\BitMagic.TemplateEngine.Objects.csproj", "{FA8396D6-9D67-4036-9B22-84B9EE41CB94}"
EndProject
Project("{9A19103F-16F7-4668-BE54-9A1E7A4F7556}") = "BitMagic.X16Emulator.Serializer", "BitMagic.X16Emulator\BitMagic.X16Emulator.Serializer\BitMagic.X16Emulator.Serializer.csproj", "{FB3F6407-BA7C-42F6-ADB4-4FEF0F409A6A}"
EndProject
Project("{9A19103F-16F7-4668-BE54-9A1E7A4F7556}") = "BitMagic.TemplateEngine.Runner", "BitMagic.TemplateEngine\BitMagic.TemplateEngine.Runner\BitMagic.TemplateEngine.Runner.csproj", "{2B5BA5C4-AE41-4154-9922-DDE04CEF9B9F}"
EndProject
Project("{9A19103F-16F7-4668-BE54-9A1E7A4F7556}") = "BitMagic.DiscUtils.Core", "External\DiscUtils\Library\DiscUtils.Core\BitMagic.DiscUtils.Core.csproj", "{EB727DF1-F590-4424-A917-4C382DC52CE1}"
EndProject
Project("{9A19103F-16F7-4668-BE54-9A1E7A4F7556}") = "BitMagic.DiscUtils.Fat", "External\DiscUtils\Library\DiscUtils.Fat\BitMagic.DiscUtils.Fat.csproj", "{975D01D0-224F-4F06-BC77-A334DD2D302B}"
EndProject
Project("{9A19103F-16F7-4668-BE54-9A1E7A4F7556}") = "BitMagic.DiscUtils.Vhd", "External\DiscUtils\Library\DiscUtils.Vhd\BitMagic.DiscUtils.Vhd.csproj", "{DA354242-0894-4D85-BA4E-6C36BE4E4FF8}"
EndProject
Project("{9A19103F-16F7-4668-BE54-9A1E7A4F7556}") = "BitMagic.DiscUtils.Streams", "External\DiscUtils\Library\DiscUtils.Streams\BitMagic.DiscUtils.Streams.csproj", "{BE55C0DB-AD09-430E-A149-A680FB4992D9}"
EndProject
Project("{9A19103F-16F7-4668-BE54-9A1E7A4F7556}") = "BitMagic.DiscUtils.Vdi", "External\DiscUtils\Library\DiscUtils.Vdi\BitMagic.DiscUtils.Vdi.csproj", "{04F40E45-1811-4DDE-8E52-E63E897A5042}"
EndProject
Project("{9A19103F-16F7-4668-BE54-9A1E7A4F7556}") = "BitMagic.Common.Address", "BitMagic.Libraries\BitMagic.Common.Address\BitMagic.Common.Address.csproj", "{15E97647-98E9-44F4-9C44-496E0E321EF7}"
EndProject
Project("{9A19103F-16F7-4668-BE54-9A1E7A4F7556}") = "JsonSchemaGenerator", "BitMagic.X16Debugger\JsonSchemaGenerator\JsonSchemaGenerator.csproj", "{55BDED66-D58D-45F0-9D8A-1E915540E82C}"
EndProject
Project("{2150E333-8FDC-42A3-9474-1A3956D46DE8}") = "Libraries", "Libraries", "{25ADB53E-2320-490D-BA5D-A919AF7B42E5}"
EndProject
Project("{9A19103F-16F7-4668-BE54-9A1E7A4F7556}") = "BitMagic.Cc65Lib", "BitMagic.X16Debugger\BitMagic.Cc65Lib\BitMagic.Cc65Lib.csproj", "{FC8A8406-ABEC-4454-BA29-043A1C7795FE}"
EndProject
Project("{2150E333-8FDC-42A3-9474-1A3956D46DE8}") = "Debugger", "Debugger", "{A8C28097-0281-4E86-BEA0-8864A21B72B9}"
EndProject
Project("{9A19103F-16F7-4668-BE54-9A1E7A4F7556}") = "X16E", "BitMagic.X16Emulator\X16E\X16E.csproj", "{0365226E-89D4-4F6B-8695-F2CDE5CC2915}"
EndProject
Project("{2150E333-8FDC-42A3-9474-1A3956D46DE8}") = "Tests", "Tests", "{2AC26269-B752-46BF-8C4A-C5F18B733821}"
EndProject
Project("{9A19103F-16F7-4668-BE54-9A1E7A4F7556}") = "BitMagic.X16Emulator.Tests", "BitMagic.X16Emulator\BitMagic.X16Emulator.Tests\BitMagic.X16Emulator.Tests.csproj", "{4869A865-2455-4FB4-A504-AD086DFEAF70}"
EndProject
Project("{9A19103F-16F7-4668-BE54-9A1E7A4F7556}") = "BitMagic.X16Emulator.TestHelper", "BitMagic.X16Emulator\BitMagic.X16Emulator.TestHelper\BitMagic.X16Emulator.TestHelper.csproj", "{433CBB5C-1DAF-4CDA-877B-B59E51D85163}"
EndProject
Project("{9A19103F-16F7-4668-BE54-9A1E7A4F7556}") = "BitMagic.ImageHelper", "BitMagic.X16Debugger\BitMagic.ImageHelper\BitMagic.ImageHelper.csproj", "{CF8BC7BD-5BBA-48D2-A334-747D0D11FFB3}"
EndProject
Project("{FAE04EC0-301F-11D3-BF4B-00C04F79EFBC}") = "BitMagic.ImageHelper.Tester", "BitMagic.X16Debugger\BitMagic.ImageHelper.Tester\BitMagic.ImageHelper.Tester.csproj", "{B47D2EDF-10E7-477B-B0FF-C308AC152CE1}"
EndProject
Global
	GlobalSection(SolutionConfigurationPlatforms) = preSolution
		Debug|Any CPU = Debug|Any CPU
		Debug|x64 = Debug|x64
		Debug|x86 = Debug|x86
		Release|Any CPU = Release|Any CPU
		Release|x64 = Release|x64
		Release|x86 = Release|x86
	EndGlobalSection
	GlobalSection(ProjectConfigurationPlatforms) = postSolution
		{1A61AC4C-C457-44E1-844D-DE1E5FCCF6E2}.Debug|Any CPU.ActiveCfg = Debug|Any CPU
		{1A61AC4C-C457-44E1-844D-DE1E5FCCF6E2}.Debug|Any CPU.Build.0 = Debug|Any CPU
		{1A61AC4C-C457-44E1-844D-DE1E5FCCF6E2}.Debug|x64.ActiveCfg = Debug|Any CPU
		{1A61AC4C-C457-44E1-844D-DE1E5FCCF6E2}.Debug|x64.Build.0 = Debug|Any CPU
		{1A61AC4C-C457-44E1-844D-DE1E5FCCF6E2}.Debug|x86.ActiveCfg = Debug|Any CPU
		{1A61AC4C-C457-44E1-844D-DE1E5FCCF6E2}.Debug|x86.Build.0 = Debug|Any CPU
		{1A61AC4C-C457-44E1-844D-DE1E5FCCF6E2}.Release|Any CPU.ActiveCfg = Release|Any CPU
		{1A61AC4C-C457-44E1-844D-DE1E5FCCF6E2}.Release|Any CPU.Build.0 = Release|Any CPU
		{1A61AC4C-C457-44E1-844D-DE1E5FCCF6E2}.Release|x64.ActiveCfg = Release|Any CPU
		{1A61AC4C-C457-44E1-844D-DE1E5FCCF6E2}.Release|x64.Build.0 = Release|Any CPU
		{1A61AC4C-C457-44E1-844D-DE1E5FCCF6E2}.Release|x86.ActiveCfg = Release|Any CPU
		{1A61AC4C-C457-44E1-844D-DE1E5FCCF6E2}.Release|x86.Build.0 = Release|Any CPU
		{647502D0-C8BB-44BB-8BD8-A965EB740E13}.Debug|Any CPU.ActiveCfg = Debug|Any CPU
		{647502D0-C8BB-44BB-8BD8-A965EB740E13}.Debug|Any CPU.Build.0 = Debug|Any CPU
		{647502D0-C8BB-44BB-8BD8-A965EB740E13}.Debug|x64.ActiveCfg = Debug|Any CPU
		{647502D0-C8BB-44BB-8BD8-A965EB740E13}.Debug|x64.Build.0 = Debug|Any CPU
		{647502D0-C8BB-44BB-8BD8-A965EB740E13}.Debug|x86.ActiveCfg = Debug|Any CPU
		{647502D0-C8BB-44BB-8BD8-A965EB740E13}.Debug|x86.Build.0 = Debug|Any CPU
		{647502D0-C8BB-44BB-8BD8-A965EB740E13}.Release|Any CPU.ActiveCfg = Release|Any CPU
		{647502D0-C8BB-44BB-8BD8-A965EB740E13}.Release|Any CPU.Build.0 = Release|Any CPU
		{647502D0-C8BB-44BB-8BD8-A965EB740E13}.Release|x64.ActiveCfg = Release|Any CPU
		{647502D0-C8BB-44BB-8BD8-A965EB740E13}.Release|x64.Build.0 = Release|Any CPU
		{647502D0-C8BB-44BB-8BD8-A965EB740E13}.Release|x86.ActiveCfg = Release|Any CPU
		{647502D0-C8BB-44BB-8BD8-A965EB740E13}.Release|x86.Build.0 = Release|Any CPU
		{38918A95-0C95-474D-8359-8ECCD82EF3D4}.Debug|Any CPU.ActiveCfg = Debug|Any CPU
		{38918A95-0C95-474D-8359-8ECCD82EF3D4}.Debug|Any CPU.Build.0 = Debug|Any CPU
		{38918A95-0C95-474D-8359-8ECCD82EF3D4}.Debug|x64.ActiveCfg = Debug|Any CPU
		{38918A95-0C95-474D-8359-8ECCD82EF3D4}.Debug|x64.Build.0 = Debug|Any CPU
		{38918A95-0C95-474D-8359-8ECCD82EF3D4}.Debug|x86.ActiveCfg = Debug|Any CPU
		{38918A95-0C95-474D-8359-8ECCD82EF3D4}.Debug|x86.Build.0 = Debug|Any CPU
		{38918A95-0C95-474D-8359-8ECCD82EF3D4}.Release|Any CPU.ActiveCfg = Release|Any CPU
		{38918A95-0C95-474D-8359-8ECCD82EF3D4}.Release|Any CPU.Build.0 = Release|Any CPU
		{38918A95-0C95-474D-8359-8ECCD82EF3D4}.Release|x64.ActiveCfg = Release|Any CPU
		{38918A95-0C95-474D-8359-8ECCD82EF3D4}.Release|x64.Build.0 = Release|Any CPU
		{38918A95-0C95-474D-8359-8ECCD82EF3D4}.Release|x86.ActiveCfg = Release|Any CPU
		{38918A95-0C95-474D-8359-8ECCD82EF3D4}.Release|x86.Build.0 = Release|Any CPU
		{C67527D8-12DD-4779-88AC-933CA3E46168}.Debug|Any CPU.ActiveCfg = Debug|x64
		{C67527D8-12DD-4779-88AC-933CA3E46168}.Debug|Any CPU.Build.0 = Debug|x64
		{C67527D8-12DD-4779-88AC-933CA3E46168}.Debug|x64.ActiveCfg = Debug|x64
		{C67527D8-12DD-4779-88AC-933CA3E46168}.Debug|x64.Build.0 = Debug|x64
		{C67527D8-12DD-4779-88AC-933CA3E46168}.Debug|x86.ActiveCfg = Debug|Win32
		{C67527D8-12DD-4779-88AC-933CA3E46168}.Debug|x86.Build.0 = Debug|Win32
		{C67527D8-12DD-4779-88AC-933CA3E46168}.Release|Any CPU.ActiveCfg = Release|x64
		{C67527D8-12DD-4779-88AC-933CA3E46168}.Release|Any CPU.Build.0 = Release|x64
		{C67527D8-12DD-4779-88AC-933CA3E46168}.Release|x64.ActiveCfg = Release|x64
		{C67527D8-12DD-4779-88AC-933CA3E46168}.Release|x64.Build.0 = Release|x64
		{C67527D8-12DD-4779-88AC-933CA3E46168}.Release|x86.ActiveCfg = Release|Win32
		{C67527D8-12DD-4779-88AC-933CA3E46168}.Release|x86.Build.0 = Release|Win32
		{D51BE2FA-34C4-458A-AB87-465735D0C31A}.Debug|Any CPU.ActiveCfg = Debug|Any CPU
		{D51BE2FA-34C4-458A-AB87-465735D0C31A}.Debug|Any CPU.Build.0 = Debug|Any CPU
		{D51BE2FA-34C4-458A-AB87-465735D0C31A}.Debug|x64.ActiveCfg = Debug|Any CPU
		{D51BE2FA-34C4-458A-AB87-465735D0C31A}.Debug|x64.Build.0 = Debug|Any CPU
		{D51BE2FA-34C4-458A-AB87-465735D0C31A}.Debug|x86.ActiveCfg = Debug|Any CPU
		{D51BE2FA-34C4-458A-AB87-465735D0C31A}.Debug|x86.Build.0 = Debug|Any CPU
		{D51BE2FA-34C4-458A-AB87-465735D0C31A}.Release|Any CPU.ActiveCfg = Release|Any CPU
		{D51BE2FA-34C4-458A-AB87-465735D0C31A}.Release|Any CPU.Build.0 = Release|Any CPU
		{D51BE2FA-34C4-458A-AB87-465735D0C31A}.Release|x64.ActiveCfg = Release|Any CPU
		{D51BE2FA-34C4-458A-AB87-465735D0C31A}.Release|x64.Build.0 = Release|Any CPU
		{D51BE2FA-34C4-458A-AB87-465735D0C31A}.Release|x86.ActiveCfg = Release|Any CPU
		{D51BE2FA-34C4-458A-AB87-465735D0C31A}.Release|x86.Build.0 = Release|Any CPU
		{12F7B102-D37E-4FCC-BE96-0DA263AD04BA}.Debug|Any CPU.ActiveCfg = Debug|Any CPU
		{12F7B102-D37E-4FCC-BE96-0DA263AD04BA}.Debug|Any CPU.Build.0 = Debug|Any CPU
		{12F7B102-D37E-4FCC-BE96-0DA263AD04BA}.Debug|x64.ActiveCfg = Debug|Any CPU
		{12F7B102-D37E-4FCC-BE96-0DA263AD04BA}.Debug|x64.Build.0 = Debug|Any CPU
		{12F7B102-D37E-4FCC-BE96-0DA263AD04BA}.Debug|x86.ActiveCfg = Debug|Any CPU
		{12F7B102-D37E-4FCC-BE96-0DA263AD04BA}.Debug|x86.Build.0 = Debug|Any CPU
		{12F7B102-D37E-4FCC-BE96-0DA263AD04BA}.Release|Any CPU.ActiveCfg = Release|Any CPU
		{12F7B102-D37E-4FCC-BE96-0DA263AD04BA}.Release|Any CPU.Build.0 = Release|Any CPU
		{12F7B102-D37E-4FCC-BE96-0DA263AD04BA}.Release|x64.ActiveCfg = Release|Any CPU
		{12F7B102-D37E-4FCC-BE96-0DA263AD04BA}.Release|x64.Build.0 = Release|Any CPU
		{12F7B102-D37E-4FCC-BE96-0DA263AD04BA}.Release|x86.ActiveCfg = Release|Any CPU
		{12F7B102-D37E-4FCC-BE96-0DA263AD04BA}.Release|x86.Build.0 = Release|Any CPU
		{35246774-35E3-465C-ADA1-91FD0B3B414E}.Debug|Any CPU.ActiveCfg = Debug|Any CPU
		{35246774-35E3-465C-ADA1-91FD0B3B414E}.Debug|Any CPU.Build.0 = Debug|Any CPU
		{35246774-35E3-465C-ADA1-91FD0B3B414E}.Debug|x64.ActiveCfg = Debug|Any CPU
		{35246774-35E3-465C-ADA1-91FD0B3B414E}.Debug|x64.Build.0 = Debug|Any CPU
		{35246774-35E3-465C-ADA1-91FD0B3B414E}.Debug|x86.ActiveCfg = Debug|Any CPU
		{35246774-35E3-465C-ADA1-91FD0B3B414E}.Debug|x86.Build.0 = Debug|Any CPU
		{35246774-35E3-465C-ADA1-91FD0B3B414E}.Release|Any CPU.ActiveCfg = Release|Any CPU
		{35246774-35E3-465C-ADA1-91FD0B3B414E}.Release|Any CPU.Build.0 = Release|Any CPU
		{35246774-35E3-465C-ADA1-91FD0B3B414E}.Release|x64.ActiveCfg = Release|Any CPU
		{35246774-35E3-465C-ADA1-91FD0B3B414E}.Release|x64.Build.0 = Release|Any CPU
		{35246774-35E3-465C-ADA1-91FD0B3B414E}.Release|x86.ActiveCfg = Release|Any CPU
		{35246774-35E3-465C-ADA1-91FD0B3B414E}.Release|x86.Build.0 = Release|Any CPU
		{76C8671F-D8ED-4D63-987B-92DBEA8CDF5B}.Debug|Any CPU.ActiveCfg = Debug|Any CPU
		{76C8671F-D8ED-4D63-987B-92DBEA8CDF5B}.Debug|Any CPU.Build.0 = Debug|Any CPU
		{76C8671F-D8ED-4D63-987B-92DBEA8CDF5B}.Debug|x64.ActiveCfg = Debug|Any CPU
		{76C8671F-D8ED-4D63-987B-92DBEA8CDF5B}.Debug|x64.Build.0 = Debug|Any CPU
		{76C8671F-D8ED-4D63-987B-92DBEA8CDF5B}.Debug|x86.ActiveCfg = Debug|Any CPU
		{76C8671F-D8ED-4D63-987B-92DBEA8CDF5B}.Debug|x86.Build.0 = Debug|Any CPU
		{76C8671F-D8ED-4D63-987B-92DBEA8CDF5B}.Release|Any CPU.ActiveCfg = Release|Any CPU
		{76C8671F-D8ED-4D63-987B-92DBEA8CDF5B}.Release|Any CPU.Build.0 = Release|Any CPU
		{76C8671F-D8ED-4D63-987B-92DBEA8CDF5B}.Release|x64.ActiveCfg = Release|Any CPU
		{76C8671F-D8ED-4D63-987B-92DBEA8CDF5B}.Release|x64.Build.0 = Release|Any CPU
		{76C8671F-D8ED-4D63-987B-92DBEA8CDF5B}.Release|x86.ActiveCfg = Release|Any CPU
		{76C8671F-D8ED-4D63-987B-92DBEA8CDF5B}.Release|x86.Build.0 = Release|Any CPU
		{731098DC-8E99-472F-BC7E-CF08A237E833}.Debug|Any CPU.ActiveCfg = Debug|Any CPU
		{731098DC-8E99-472F-BC7E-CF08A237E833}.Debug|Any CPU.Build.0 = Debug|Any CPU
		{731098DC-8E99-472F-BC7E-CF08A237E833}.Debug|x64.ActiveCfg = Debug|Any CPU
		{731098DC-8E99-472F-BC7E-CF08A237E833}.Debug|x64.Build.0 = Debug|Any CPU
		{731098DC-8E99-472F-BC7E-CF08A237E833}.Debug|x86.ActiveCfg = Debug|Any CPU
		{731098DC-8E99-472F-BC7E-CF08A237E833}.Debug|x86.Build.0 = Debug|Any CPU
		{731098DC-8E99-472F-BC7E-CF08A237E833}.Release|Any CPU.ActiveCfg = Release|Any CPU
		{731098DC-8E99-472F-BC7E-CF08A237E833}.Release|Any CPU.Build.0 = Release|Any CPU
		{731098DC-8E99-472F-BC7E-CF08A237E833}.Release|x64.ActiveCfg = Release|Any CPU
		{731098DC-8E99-472F-BC7E-CF08A237E833}.Release|x64.Build.0 = Release|Any CPU
		{731098DC-8E99-472F-BC7E-CF08A237E833}.Release|x86.ActiveCfg = Release|Any CPU
		{731098DC-8E99-472F-BC7E-CF08A237E833}.Release|x86.Build.0 = Release|Any CPU
		{222C82B7-79D3-4D97-BF9D-E10ACE51B3C7}.Debug|Any CPU.ActiveCfg = Debug|Any CPU
		{222C82B7-79D3-4D97-BF9D-E10ACE51B3C7}.Debug|Any CPU.Build.0 = Debug|Any CPU
		{222C82B7-79D3-4D97-BF9D-E10ACE51B3C7}.Debug|x64.ActiveCfg = Debug|Any CPU
		{222C82B7-79D3-4D97-BF9D-E10ACE51B3C7}.Debug|x64.Build.0 = Debug|Any CPU
		{222C82B7-79D3-4D97-BF9D-E10ACE51B3C7}.Debug|x86.ActiveCfg = Debug|Any CPU
		{222C82B7-79D3-4D97-BF9D-E10ACE51B3C7}.Debug|x86.Build.0 = Debug|Any CPU
		{222C82B7-79D3-4D97-BF9D-E10ACE51B3C7}.Release|Any CPU.ActiveCfg = Release|Any CPU
		{222C82B7-79D3-4D97-BF9D-E10ACE51B3C7}.Release|Any CPU.Build.0 = Release|Any CPU
		{222C82B7-79D3-4D97-BF9D-E10ACE51B3C7}.Release|x64.ActiveCfg = Release|Any CPU
		{222C82B7-79D3-4D97-BF9D-E10ACE51B3C7}.Release|x64.Build.0 = Release|Any CPU
		{222C82B7-79D3-4D97-BF9D-E10ACE51B3C7}.Release|x86.ActiveCfg = Release|Any CPU
		{222C82B7-79D3-4D97-BF9D-E10ACE51B3C7}.Release|x86.Build.0 = Release|Any CPU
		{B03F1DA7-08A7-4B51-A804-20B28C3EFE0D}.Debug|Any CPU.ActiveCfg = Debug|Any CPU
		{B03F1DA7-08A7-4B51-A804-20B28C3EFE0D}.Debug|Any CPU.Build.0 = Debug|Any CPU
		{B03F1DA7-08A7-4B51-A804-20B28C3EFE0D}.Debug|x64.ActiveCfg = Debug|Any CPU
		{B03F1DA7-08A7-4B51-A804-20B28C3EFE0D}.Debug|x64.Build.0 = Debug|Any CPU
		{B03F1DA7-08A7-4B51-A804-20B28C3EFE0D}.Debug|x86.ActiveCfg = Debug|Any CPU
		{B03F1DA7-08A7-4B51-A804-20B28C3EFE0D}.Debug|x86.Build.0 = Debug|Any CPU
		{B03F1DA7-08A7-4B51-A804-20B28C3EFE0D}.Release|Any CPU.ActiveCfg = Release|Any CPU
		{B03F1DA7-08A7-4B51-A804-20B28C3EFE0D}.Release|Any CPU.Build.0 = Release|Any CPU
		{B03F1DA7-08A7-4B51-A804-20B28C3EFE0D}.Release|x64.ActiveCfg = Release|Any CPU
		{B03F1DA7-08A7-4B51-A804-20B28C3EFE0D}.Release|x64.Build.0 = Release|Any CPU
		{B03F1DA7-08A7-4B51-A804-20B28C3EFE0D}.Release|x86.ActiveCfg = Release|Any CPU
		{B03F1DA7-08A7-4B51-A804-20B28C3EFE0D}.Release|x86.Build.0 = Release|Any CPU
		{52DB5614-C681-4BB1-9484-BE2285372668}.Debug|Any CPU.ActiveCfg = Debug|Any CPU
		{52DB5614-C681-4BB1-9484-BE2285372668}.Debug|Any CPU.Build.0 = Debug|Any CPU
		{52DB5614-C681-4BB1-9484-BE2285372668}.Debug|x64.ActiveCfg = Debug|Any CPU
		{52DB5614-C681-4BB1-9484-BE2285372668}.Debug|x64.Build.0 = Debug|Any CPU
		{52DB5614-C681-4BB1-9484-BE2285372668}.Debug|x86.ActiveCfg = Debug|Any CPU
		{52DB5614-C681-4BB1-9484-BE2285372668}.Debug|x86.Build.0 = Debug|Any CPU
		{52DB5614-C681-4BB1-9484-BE2285372668}.Release|Any CPU.ActiveCfg = Release|Any CPU
		{52DB5614-C681-4BB1-9484-BE2285372668}.Release|Any CPU.Build.0 = Release|Any CPU
		{52DB5614-C681-4BB1-9484-BE2285372668}.Release|x64.ActiveCfg = Release|Any CPU
		{52DB5614-C681-4BB1-9484-BE2285372668}.Release|x64.Build.0 = Release|Any CPU
		{52DB5614-C681-4BB1-9484-BE2285372668}.Release|x86.ActiveCfg = Release|Any CPU
		{52DB5614-C681-4BB1-9484-BE2285372668}.Release|x86.Build.0 = Release|Any CPU
		{D8E2FFA7-FEC2-4795-8A0F-27492649CB01}.Debug|Any CPU.ActiveCfg = Debug|Any CPU
		{D8E2FFA7-FEC2-4795-8A0F-27492649CB01}.Debug|Any CPU.Build.0 = Debug|Any CPU
		{D8E2FFA7-FEC2-4795-8A0F-27492649CB01}.Debug|x64.ActiveCfg = Debug|Any CPU
		{D8E2FFA7-FEC2-4795-8A0F-27492649CB01}.Debug|x64.Build.0 = Debug|Any CPU
		{D8E2FFA7-FEC2-4795-8A0F-27492649CB01}.Debug|x86.ActiveCfg = Debug|Any CPU
		{D8E2FFA7-FEC2-4795-8A0F-27492649CB01}.Debug|x86.Build.0 = Debug|Any CPU
		{D8E2FFA7-FEC2-4795-8A0F-27492649CB01}.Release|Any CPU.ActiveCfg = Release|Any CPU
		{D8E2FFA7-FEC2-4795-8A0F-27492649CB01}.Release|Any CPU.Build.0 = Release|Any CPU
		{D8E2FFA7-FEC2-4795-8A0F-27492649CB01}.Release|x64.ActiveCfg = Release|Any CPU
		{D8E2FFA7-FEC2-4795-8A0F-27492649CB01}.Release|x64.Build.0 = Release|Any CPU
		{D8E2FFA7-FEC2-4795-8A0F-27492649CB01}.Release|x86.ActiveCfg = Release|Any CPU
		{D8E2FFA7-FEC2-4795-8A0F-27492649CB01}.Release|x86.Build.0 = Release|Any CPU
		{D701E288-1834-43B1-93B3-3B38F8BD37A9}.Debug|Any CPU.ActiveCfg = Debug|Any CPU
		{D701E288-1834-43B1-93B3-3B38F8BD37A9}.Debug|Any CPU.Build.0 = Debug|Any CPU
		{D701E288-1834-43B1-93B3-3B38F8BD37A9}.Debug|x64.ActiveCfg = Debug|Any CPU
		{D701E288-1834-43B1-93B3-3B38F8BD37A9}.Debug|x64.Build.0 = Debug|Any CPU
		{D701E288-1834-43B1-93B3-3B38F8BD37A9}.Debug|x86.ActiveCfg = Debug|Any CPU
		{D701E288-1834-43B1-93B3-3B38F8BD37A9}.Debug|x86.Build.0 = Debug|Any CPU
		{D701E288-1834-43B1-93B3-3B38F8BD37A9}.Release|Any CPU.ActiveCfg = Release|Any CPU
		{D701E288-1834-43B1-93B3-3B38F8BD37A9}.Release|Any CPU.Build.0 = Release|Any CPU
		{D701E288-1834-43B1-93B3-3B38F8BD37A9}.Release|x64.ActiveCfg = Release|Any CPU
		{D701E288-1834-43B1-93B3-3B38F8BD37A9}.Release|x64.Build.0 = Release|Any CPU
		{D701E288-1834-43B1-93B3-3B38F8BD37A9}.Release|x86.ActiveCfg = Release|Any CPU
		{D701E288-1834-43B1-93B3-3B38F8BD37A9}.Release|x86.Build.0 = Release|Any CPU
		{FA8396D6-9D67-4036-9B22-84B9EE41CB94}.Debug|Any CPU.ActiveCfg = Debug|Any CPU
		{FA8396D6-9D67-4036-9B22-84B9EE41CB94}.Debug|Any CPU.Build.0 = Debug|Any CPU
		{FA8396D6-9D67-4036-9B22-84B9EE41CB94}.Debug|x64.ActiveCfg = Debug|Any CPU
		{FA8396D6-9D67-4036-9B22-84B9EE41CB94}.Debug|x64.Build.0 = Debug|Any CPU
		{FA8396D6-9D67-4036-9B22-84B9EE41CB94}.Debug|x86.ActiveCfg = Debug|Any CPU
		{FA8396D6-9D67-4036-9B22-84B9EE41CB94}.Debug|x86.Build.0 = Debug|Any CPU
		{FA8396D6-9D67-4036-9B22-84B9EE41CB94}.Release|Any CPU.ActiveCfg = Release|Any CPU
		{FA8396D6-9D67-4036-9B22-84B9EE41CB94}.Release|Any CPU.Build.0 = Release|Any CPU
		{FA8396D6-9D67-4036-9B22-84B9EE41CB94}.Release|x64.ActiveCfg = Release|Any CPU
		{FA8396D6-9D67-4036-9B22-84B9EE41CB94}.Release|x64.Build.0 = Release|Any CPU
		{FA8396D6-9D67-4036-9B22-84B9EE41CB94}.Release|x86.ActiveCfg = Release|Any CPU
		{FA8396D6-9D67-4036-9B22-84B9EE41CB94}.Release|x86.Build.0 = Release|Any CPU
		{FB3F6407-BA7C-42F6-ADB4-4FEF0F409A6A}.Debug|Any CPU.ActiveCfg = Debug|Any CPU
		{FB3F6407-BA7C-42F6-ADB4-4FEF0F409A6A}.Debug|Any CPU.Build.0 = Debug|Any CPU
		{FB3F6407-BA7C-42F6-ADB4-4FEF0F409A6A}.Debug|x64.ActiveCfg = Debug|Any CPU
		{FB3F6407-BA7C-42F6-ADB4-4FEF0F409A6A}.Debug|x64.Build.0 = Debug|Any CPU
		{FB3F6407-BA7C-42F6-ADB4-4FEF0F409A6A}.Debug|x86.ActiveCfg = Debug|Any CPU
		{FB3F6407-BA7C-42F6-ADB4-4FEF0F409A6A}.Debug|x86.Build.0 = Debug|Any CPU
		{FB3F6407-BA7C-42F6-ADB4-4FEF0F409A6A}.Release|Any CPU.ActiveCfg = Release|Any CPU
		{FB3F6407-BA7C-42F6-ADB4-4FEF0F409A6A}.Release|Any CPU.Build.0 = Release|Any CPU
		{FB3F6407-BA7C-42F6-ADB4-4FEF0F409A6A}.Release|x64.ActiveCfg = Release|Any CPU
		{FB3F6407-BA7C-42F6-ADB4-4FEF0F409A6A}.Release|x64.Build.0 = Release|Any CPU
		{FB3F6407-BA7C-42F6-ADB4-4FEF0F409A6A}.Release|x86.ActiveCfg = Release|Any CPU
		{FB3F6407-BA7C-42F6-ADB4-4FEF0F409A6A}.Release|x86.Build.0 = Release|Any CPU
		{2B5BA5C4-AE41-4154-9922-DDE04CEF9B9F}.Debug|Any CPU.ActiveCfg = Debug|Any CPU
		{2B5BA5C4-AE41-4154-9922-DDE04CEF9B9F}.Debug|Any CPU.Build.0 = Debug|Any CPU
		{2B5BA5C4-AE41-4154-9922-DDE04CEF9B9F}.Debug|x64.ActiveCfg = Debug|Any CPU
		{2B5BA5C4-AE41-4154-9922-DDE04CEF9B9F}.Debug|x64.Build.0 = Debug|Any CPU
		{2B5BA5C4-AE41-4154-9922-DDE04CEF9B9F}.Debug|x86.ActiveCfg = Debug|Any CPU
		{2B5BA5C4-AE41-4154-9922-DDE04CEF9B9F}.Debug|x86.Build.0 = Debug|Any CPU
		{2B5BA5C4-AE41-4154-9922-DDE04CEF9B9F}.Release|Any CPU.ActiveCfg = Release|Any CPU
		{2B5BA5C4-AE41-4154-9922-DDE04CEF9B9F}.Release|Any CPU.Build.0 = Release|Any CPU
		{2B5BA5C4-AE41-4154-9922-DDE04CEF9B9F}.Release|x64.ActiveCfg = Release|Any CPU
		{2B5BA5C4-AE41-4154-9922-DDE04CEF9B9F}.Release|x64.Build.0 = Release|Any CPU
		{2B5BA5C4-AE41-4154-9922-DDE04CEF9B9F}.Release|x86.ActiveCfg = Release|Any CPU
		{2B5BA5C4-AE41-4154-9922-DDE04CEF9B9F}.Release|x86.Build.0 = Release|Any CPU
		{EB727DF1-F590-4424-A917-4C382DC52CE1}.Debug|Any CPU.ActiveCfg = Debug|Any CPU
		{EB727DF1-F590-4424-A917-4C382DC52CE1}.Debug|Any CPU.Build.0 = Debug|Any CPU
		{EB727DF1-F590-4424-A917-4C382DC52CE1}.Debug|x64.ActiveCfg = Debug|Any CPU
		{EB727DF1-F590-4424-A917-4C382DC52CE1}.Debug|x64.Build.0 = Debug|Any CPU
		{EB727DF1-F590-4424-A917-4C382DC52CE1}.Debug|x86.ActiveCfg = Debug|Any CPU
		{EB727DF1-F590-4424-A917-4C382DC52CE1}.Debug|x86.Build.0 = Debug|Any CPU
		{EB727DF1-F590-4424-A917-4C382DC52CE1}.Release|Any CPU.ActiveCfg = Release|Any CPU
		{EB727DF1-F590-4424-A917-4C382DC52CE1}.Release|Any CPU.Build.0 = Release|Any CPU
		{EB727DF1-F590-4424-A917-4C382DC52CE1}.Release|x64.ActiveCfg = Release|Any CPU
		{EB727DF1-F590-4424-A917-4C382DC52CE1}.Release|x64.Build.0 = Release|Any CPU
		{EB727DF1-F590-4424-A917-4C382DC52CE1}.Release|x86.ActiveCfg = Release|Any CPU
		{EB727DF1-F590-4424-A917-4C382DC52CE1}.Release|x86.Build.0 = Release|Any CPU
		{975D01D0-224F-4F06-BC77-A334DD2D302B}.Debug|Any CPU.ActiveCfg = Debug|Any CPU
		{975D01D0-224F-4F06-BC77-A334DD2D302B}.Debug|Any CPU.Build.0 = Debug|Any CPU
		{975D01D0-224F-4F06-BC77-A334DD2D302B}.Debug|x64.ActiveCfg = Debug|Any CPU
		{975D01D0-224F-4F06-BC77-A334DD2D302B}.Debug|x64.Build.0 = Debug|Any CPU
		{975D01D0-224F-4F06-BC77-A334DD2D302B}.Debug|x86.ActiveCfg = Debug|Any CPU
		{975D01D0-224F-4F06-BC77-A334DD2D302B}.Debug|x86.Build.0 = Debug|Any CPU
		{975D01D0-224F-4F06-BC77-A334DD2D302B}.Release|Any CPU.ActiveCfg = Release|Any CPU
		{975D01D0-224F-4F06-BC77-A334DD2D302B}.Release|Any CPU.Build.0 = Release|Any CPU
		{975D01D0-224F-4F06-BC77-A334DD2D302B}.Release|x64.ActiveCfg = Release|Any CPU
		{975D01D0-224F-4F06-BC77-A334DD2D302B}.Release|x64.Build.0 = Release|Any CPU
		{975D01D0-224F-4F06-BC77-A334DD2D302B}.Release|x86.ActiveCfg = Release|Any CPU
		{975D01D0-224F-4F06-BC77-A334DD2D302B}.Release|x86.Build.0 = Release|Any CPU
		{DA354242-0894-4D85-BA4E-6C36BE4E4FF8}.Debug|Any CPU.ActiveCfg = Debug|Any CPU
		{DA354242-0894-4D85-BA4E-6C36BE4E4FF8}.Debug|Any CPU.Build.0 = Debug|Any CPU
		{DA354242-0894-4D85-BA4E-6C36BE4E4FF8}.Debug|x64.ActiveCfg = Debug|Any CPU
		{DA354242-0894-4D85-BA4E-6C36BE4E4FF8}.Debug|x64.Build.0 = Debug|Any CPU
		{DA354242-0894-4D85-BA4E-6C36BE4E4FF8}.Debug|x86.ActiveCfg = Debug|Any CPU
		{DA354242-0894-4D85-BA4E-6C36BE4E4FF8}.Debug|x86.Build.0 = Debug|Any CPU
		{DA354242-0894-4D85-BA4E-6C36BE4E4FF8}.Release|Any CPU.ActiveCfg = Release|Any CPU
		{DA354242-0894-4D85-BA4E-6C36BE4E4FF8}.Release|Any CPU.Build.0 = Release|Any CPU
		{DA354242-0894-4D85-BA4E-6C36BE4E4FF8}.Release|x64.ActiveCfg = Release|Any CPU
		{DA354242-0894-4D85-BA4E-6C36BE4E4FF8}.Release|x64.Build.0 = Release|Any CPU
		{DA354242-0894-4D85-BA4E-6C36BE4E4FF8}.Release|x86.ActiveCfg = Release|Any CPU
		{DA354242-0894-4D85-BA4E-6C36BE4E4FF8}.Release|x86.Build.0 = Release|Any CPU
		{BE55C0DB-AD09-430E-A149-A680FB4992D9}.Debug|Any CPU.ActiveCfg = Debug|Any CPU
		{BE55C0DB-AD09-430E-A149-A680FB4992D9}.Debug|Any CPU.Build.0 = Debug|Any CPU
		{BE55C0DB-AD09-430E-A149-A680FB4992D9}.Debug|x64.ActiveCfg = Debug|Any CPU
		{BE55C0DB-AD09-430E-A149-A680FB4992D9}.Debug|x64.Build.0 = Debug|Any CPU
		{BE55C0DB-AD09-430E-A149-A680FB4992D9}.Debug|x86.ActiveCfg = Debug|Any CPU
		{BE55C0DB-AD09-430E-A149-A680FB4992D9}.Debug|x86.Build.0 = Debug|Any CPU
		{BE55C0DB-AD09-430E-A149-A680FB4992D9}.Release|Any CPU.ActiveCfg = Release|Any CPU
		{BE55C0DB-AD09-430E-A149-A680FB4992D9}.Release|Any CPU.Build.0 = Release|Any CPU
		{BE55C0DB-AD09-430E-A149-A680FB4992D9}.Release|x64.ActiveCfg = Release|Any CPU
		{BE55C0DB-AD09-430E-A149-A680FB4992D9}.Release|x64.Build.0 = Release|Any CPU
		{BE55C0DB-AD09-430E-A149-A680FB4992D9}.Release|x86.ActiveCfg = Release|Any CPU
		{BE55C0DB-AD09-430E-A149-A680FB4992D9}.Release|x86.Build.0 = Release|Any CPU
		{04F40E45-1811-4DDE-8E52-E63E897A5042}.Debug|Any CPU.ActiveCfg = Debug|Any CPU
		{04F40E45-1811-4DDE-8E52-E63E897A5042}.Debug|Any CPU.Build.0 = Debug|Any CPU
		{04F40E45-1811-4DDE-8E52-E63E897A5042}.Debug|x64.ActiveCfg = Debug|Any CPU
		{04F40E45-1811-4DDE-8E52-E63E897A5042}.Debug|x64.Build.0 = Debug|Any CPU
		{04F40E45-1811-4DDE-8E52-E63E897A5042}.Debug|x86.ActiveCfg = Debug|Any CPU
		{04F40E45-1811-4DDE-8E52-E63E897A5042}.Debug|x86.Build.0 = Debug|Any CPU
		{04F40E45-1811-4DDE-8E52-E63E897A5042}.Release|Any CPU.ActiveCfg = Release|Any CPU
		{04F40E45-1811-4DDE-8E52-E63E897A5042}.Release|Any CPU.Build.0 = Release|Any CPU
		{04F40E45-1811-4DDE-8E52-E63E897A5042}.Release|x64.ActiveCfg = Release|Any CPU
		{04F40E45-1811-4DDE-8E52-E63E897A5042}.Release|x64.Build.0 = Release|Any CPU
		{04F40E45-1811-4DDE-8E52-E63E897A5042}.Release|x86.ActiveCfg = Release|Any CPU
		{04F40E45-1811-4DDE-8E52-E63E897A5042}.Release|x86.Build.0 = Release|Any CPU
		{15E97647-98E9-44F4-9C44-496E0E321EF7}.Debug|Any CPU.ActiveCfg = Debug|Any CPU
		{15E97647-98E9-44F4-9C44-496E0E321EF7}.Debug|Any CPU.Build.0 = Debug|Any CPU
		{15E97647-98E9-44F4-9C44-496E0E321EF7}.Debug|x64.ActiveCfg = Debug|Any CPU
		{15E97647-98E9-44F4-9C44-496E0E321EF7}.Debug|x64.Build.0 = Debug|Any CPU
		{15E97647-98E9-44F4-9C44-496E0E321EF7}.Debug|x86.ActiveCfg = Debug|Any CPU
		{15E97647-98E9-44F4-9C44-496E0E321EF7}.Debug|x86.Build.0 = Debug|Any CPU
		{15E97647-98E9-44F4-9C44-496E0E321EF7}.Release|Any CPU.ActiveCfg = Release|Any CPU
		{15E97647-98E9-44F4-9C44-496E0E321EF7}.Release|Any CPU.Build.0 = Release|Any CPU
		{15E97647-98E9-44F4-9C44-496E0E321EF7}.Release|x64.ActiveCfg = Release|Any CPU
		{15E97647-98E9-44F4-9C44-496E0E321EF7}.Release|x64.Build.0 = Release|Any CPU
		{15E97647-98E9-44F4-9C44-496E0E321EF7}.Release|x86.ActiveCfg = Release|Any CPU
		{15E97647-98E9-44F4-9C44-496E0E321EF7}.Release|x86.Build.0 = Release|Any CPU
		{55BDED66-D58D-45F0-9D8A-1E915540E82C}.Debug|Any CPU.ActiveCfg = Debug|Any CPU
		{55BDED66-D58D-45F0-9D8A-1E915540E82C}.Debug|Any CPU.Build.0 = Debug|Any CPU
		{55BDED66-D58D-45F0-9D8A-1E915540E82C}.Debug|x64.ActiveCfg = Debug|Any CPU
		{55BDED66-D58D-45F0-9D8A-1E915540E82C}.Debug|x64.Build.0 = Debug|Any CPU
		{55BDED66-D58D-45F0-9D8A-1E915540E82C}.Debug|x86.ActiveCfg = Debug|Any CPU
		{55BDED66-D58D-45F0-9D8A-1E915540E82C}.Debug|x86.Build.0 = Debug|Any CPU
		{55BDED66-D58D-45F0-9D8A-1E915540E82C}.Release|Any CPU.ActiveCfg = Release|Any CPU
		{55BDED66-D58D-45F0-9D8A-1E915540E82C}.Release|Any CPU.Build.0 = Release|Any CPU
		{55BDED66-D58D-45F0-9D8A-1E915540E82C}.Release|x64.ActiveCfg = Release|Any CPU
		{55BDED66-D58D-45F0-9D8A-1E915540E82C}.Release|x64.Build.0 = Release|Any CPU
		{55BDED66-D58D-45F0-9D8A-1E915540E82C}.Release|x86.ActiveCfg = Release|Any CPU
		{55BDED66-D58D-45F0-9D8A-1E915540E82C}.Release|x86.Build.0 = Release|Any CPU
		{FC8A8406-ABEC-4454-BA29-043A1C7795FE}.Debug|Any CPU.ActiveCfg = Debug|Any CPU
		{FC8A8406-ABEC-4454-BA29-043A1C7795FE}.Debug|Any CPU.Build.0 = Debug|Any CPU
		{FC8A8406-ABEC-4454-BA29-043A1C7795FE}.Debug|x64.ActiveCfg = Debug|Any CPU
		{FC8A8406-ABEC-4454-BA29-043A1C7795FE}.Debug|x64.Build.0 = Debug|Any CPU
		{FC8A8406-ABEC-4454-BA29-043A1C7795FE}.Debug|x86.ActiveCfg = Debug|Any CPU
		{FC8A8406-ABEC-4454-BA29-043A1C7795FE}.Debug|x86.Build.0 = Debug|Any CPU
		{FC8A8406-ABEC-4454-BA29-043A1C7795FE}.Release|Any CPU.ActiveCfg = Release|Any CPU
		{FC8A8406-ABEC-4454-BA29-043A1C7795FE}.Release|Any CPU.Build.0 = Release|Any CPU
		{FC8A8406-ABEC-4454-BA29-043A1C7795FE}.Release|x64.ActiveCfg = Release|Any CPU
		{FC8A8406-ABEC-4454-BA29-043A1C7795FE}.Release|x64.Build.0 = Release|Any CPU
		{FC8A8406-ABEC-4454-BA29-043A1C7795FE}.Release|x86.ActiveCfg = Release|Any CPU
		{FC8A8406-ABEC-4454-BA29-043A1C7795FE}.Release|x86.Build.0 = Release|Any CPU
		{0365226E-89D4-4F6B-8695-F2CDE5CC2915}.Debug|Any CPU.ActiveCfg = Debug|Any CPU
		{0365226E-89D4-4F6B-8695-F2CDE5CC2915}.Debug|Any CPU.Build.0 = Debug|Any CPU
		{0365226E-89D4-4F6B-8695-F2CDE5CC2915}.Debug|x64.ActiveCfg = Debug|Any CPU
		{0365226E-89D4-4F6B-8695-F2CDE5CC2915}.Debug|x64.Build.0 = Debug|Any CPU
		{0365226E-89D4-4F6B-8695-F2CDE5CC2915}.Debug|x86.ActiveCfg = Debug|Any CPU
		{0365226E-89D4-4F6B-8695-F2CDE5CC2915}.Debug|x86.Build.0 = Debug|Any CPU
		{0365226E-89D4-4F6B-8695-F2CDE5CC2915}.Release|Any CPU.ActiveCfg = Release|Any CPU
		{0365226E-89D4-4F6B-8695-F2CDE5CC2915}.Release|Any CPU.Build.0 = Release|Any CPU
		{0365226E-89D4-4F6B-8695-F2CDE5CC2915}.Release|x64.ActiveCfg = Release|Any CPU
		{0365226E-89D4-4F6B-8695-F2CDE5CC2915}.Release|x64.Build.0 = Release|Any CPU
		{0365226E-89D4-4F6B-8695-F2CDE5CC2915}.Release|x86.ActiveCfg = Release|Any CPU
		{0365226E-89D4-4F6B-8695-F2CDE5CC2915}.Release|x86.Build.0 = Release|Any CPU
		{4869A865-2455-4FB4-A504-AD086DFEAF70}.Debug|Any CPU.ActiveCfg = Debug|Any CPU
		{4869A865-2455-4FB4-A504-AD086DFEAF70}.Debug|Any CPU.Build.0 = Debug|Any CPU
		{4869A865-2455-4FB4-A504-AD086DFEAF70}.Debug|x64.ActiveCfg = Debug|Any CPU
		{4869A865-2455-4FB4-A504-AD086DFEAF70}.Debug|x64.Build.0 = Debug|Any CPU
		{4869A865-2455-4FB4-A504-AD086DFEAF70}.Debug|x86.ActiveCfg = Debug|Any CPU
		{4869A865-2455-4FB4-A504-AD086DFEAF70}.Debug|x86.Build.0 = Debug|Any CPU
		{4869A865-2455-4FB4-A504-AD086DFEAF70}.Release|Any CPU.ActiveCfg = Release|Any CPU
		{4869A865-2455-4FB4-A504-AD086DFEAF70}.Release|Any CPU.Build.0 = Release|Any CPU
		{4869A865-2455-4FB4-A504-AD086DFEAF70}.Release|x64.ActiveCfg = Release|Any CPU
		{4869A865-2455-4FB4-A504-AD086DFEAF70}.Release|x64.Build.0 = Release|Any CPU
		{4869A865-2455-4FB4-A504-AD086DFEAF70}.Release|x86.ActiveCfg = Release|Any CPU
		{4869A865-2455-4FB4-A504-AD086DFEAF70}.Release|x86.Build.0 = Release|Any CPU
		{433CBB5C-1DAF-4CDA-877B-B59E51D85163}.Debug|Any CPU.ActiveCfg = Debug|Any CPU
		{433CBB5C-1DAF-4CDA-877B-B59E51D85163}.Debug|Any CPU.Build.0 = Debug|Any CPU
		{433CBB5C-1DAF-4CDA-877B-B59E51D85163}.Debug|x64.ActiveCfg = Debug|Any CPU
		{433CBB5C-1DAF-4CDA-877B-B59E51D85163}.Debug|x64.Build.0 = Debug|Any CPU
		{433CBB5C-1DAF-4CDA-877B-B59E51D85163}.Debug|x86.ActiveCfg = Debug|Any CPU
		{433CBB5C-1DAF-4CDA-877B-B59E51D85163}.Debug|x86.Build.0 = Debug|Any CPU
		{433CBB5C-1DAF-4CDA-877B-B59E51D85163}.Release|Any CPU.ActiveCfg = Release|Any CPU
		{433CBB5C-1DAF-4CDA-877B-B59E51D85163}.Release|Any CPU.Build.0 = Release|Any CPU
		{433CBB5C-1DAF-4CDA-877B-B59E51D85163}.Release|x64.ActiveCfg = Release|Any CPU
		{433CBB5C-1DAF-4CDA-877B-B59E51D85163}.Release|x64.Build.0 = Release|Any CPU
		{433CBB5C-1DAF-4CDA-877B-B59E51D85163}.Release|x86.ActiveCfg = Release|Any CPU
		{433CBB5C-1DAF-4CDA-877B-B59E51D85163}.Release|x86.Build.0 = Release|Any CPU
		{CF8BC7BD-5BBA-48D2-A334-747D0D11FFB3}.Debug|Any CPU.ActiveCfg = Debug|Any CPU
		{CF8BC7BD-5BBA-48D2-A334-747D0D11FFB3}.Debug|Any CPU.Build.0 = Debug|Any CPU
		{CF8BC7BD-5BBA-48D2-A334-747D0D11FFB3}.Debug|x64.ActiveCfg = Debug|Any CPU
		{CF8BC7BD-5BBA-48D2-A334-747D0D11FFB3}.Debug|x64.Build.0 = Debug|Any CPU
		{CF8BC7BD-5BBA-48D2-A334-747D0D11FFB3}.Debug|x86.ActiveCfg = Debug|Any CPU
		{CF8BC7BD-5BBA-48D2-A334-747D0D11FFB3}.Debug|x86.Build.0 = Debug|Any CPU
		{CF8BC7BD-5BBA-48D2-A334-747D0D11FFB3}.Release|Any CPU.ActiveCfg = Release|Any CPU
		{CF8BC7BD-5BBA-48D2-A334-747D0D11FFB3}.Release|Any CPU.Build.0 = Release|Any CPU
		{CF8BC7BD-5BBA-48D2-A334-747D0D11FFB3}.Release|x64.ActiveCfg = Release|Any CPU
		{CF8BC7BD-5BBA-48D2-A334-747D0D11FFB3}.Release|x64.Build.0 = Release|Any CPU
		{CF8BC7BD-5BBA-48D2-A334-747D0D11FFB3}.Release|x86.ActiveCfg = Release|Any CPU
		{CF8BC7BD-5BBA-48D2-A334-747D0D11FFB3}.Release|x86.Build.0 = Release|Any CPU
		{B47D2EDF-10E7-477B-B0FF-C308AC152CE1}.Debug|Any CPU.ActiveCfg = Debug|Any CPU
		{B47D2EDF-10E7-477B-B0FF-C308AC152CE1}.Debug|Any CPU.Build.0 = Debug|Any CPU
		{B47D2EDF-10E7-477B-B0FF-C308AC152CE1}.Debug|x64.ActiveCfg = Debug|Any CPU
		{B47D2EDF-10E7-477B-B0FF-C308AC152CE1}.Debug|x64.Build.0 = Debug|Any CPU
		{B47D2EDF-10E7-477B-B0FF-C308AC152CE1}.Debug|x86.ActiveCfg = Debug|Any CPU
		{B47D2EDF-10E7-477B-B0FF-C308AC152CE1}.Debug|x86.Build.0 = Debug|Any CPU
		{B47D2EDF-10E7-477B-B0FF-C308AC152CE1}.Release|Any CPU.ActiveCfg = Release|Any CPU
		{B47D2EDF-10E7-477B-B0FF-C308AC152CE1}.Release|Any CPU.Build.0 = Release|Any CPU
		{B47D2EDF-10E7-477B-B0FF-C308AC152CE1}.Release|x64.ActiveCfg = Release|Any CPU
		{B47D2EDF-10E7-477B-B0FF-C308AC152CE1}.Release|x64.Build.0 = Release|Any CPU
		{B47D2EDF-10E7-477B-B0FF-C308AC152CE1}.Release|x86.ActiveCfg = Release|Any CPU
		{B47D2EDF-10E7-477B-B0FF-C308AC152CE1}.Release|x86.Build.0 = Release|Any CPU
	EndGlobalSection
	GlobalSection(SolutionProperties) = preSolution
		HideSolutionNode = FALSE
	EndGlobalSection
	GlobalSection(NestedProjects) = preSolution
		{647502D0-C8BB-44BB-8BD8-A965EB740E13} = {56C1711B-E0BB-40B0-BAF6-77E3206969A6}
		{38918A95-0C95-474D-8359-8ECCD82EF3D4} = {56C1711B-E0BB-40B0-BAF6-77E3206969A6}
		{C67527D8-12DD-4779-88AC-933CA3E46168} = {56C1711B-E0BB-40B0-BAF6-77E3206969A6}
		{D51BE2FA-34C4-458A-AB87-465735D0C31A} = {CC27194D-7040-412F-B2B0-D306FCB3B55A}
		{12F7B102-D37E-4FCC-BE96-0DA263AD04BA} = {CC27194D-7040-412F-B2B0-D306FCB3B55A}
		{35246774-35E3-465C-ADA1-91FD0B3B414E} = {CC27194D-7040-412F-B2B0-D306FCB3B55A}
		{76C8671F-D8ED-4D63-987B-92DBEA8CDF5B} = {CC27194D-7040-412F-B2B0-D306FCB3B55A}
		{731098DC-8E99-472F-BC7E-CF08A237E833} = {A8C28097-0281-4E86-BEA0-8864A21B72B9}
		{222C82B7-79D3-4D97-BF9D-E10ACE51B3C7} = {2E856C46-D027-481F-BCFC-44C64225F9FF}
		{B03F1DA7-08A7-4B51-A804-20B28C3EFE0D} = {7E37D0E0-64BB-4D88-AAAF-E44C3E468B68}
		{52DB5614-C681-4BB1-9484-BE2285372668} = {629B4461-40B3-4425-932F-B436533B208E}
		{D8E2FFA7-FEC2-4795-8A0F-27492649CB01} = {629B4461-40B3-4425-932F-B436533B208E}
		{D701E288-1834-43B1-93B3-3B38F8BD37A9} = {629B4461-40B3-4425-932F-B436533B208E}
		{FA8396D6-9D67-4036-9B22-84B9EE41CB94} = {629B4461-40B3-4425-932F-B436533B208E}
		{FB3F6407-BA7C-42F6-ADB4-4FEF0F409A6A} = {56C1711B-E0BB-40B0-BAF6-77E3206969A6}
		{2B5BA5C4-AE41-4154-9922-DDE04CEF9B9F} = {629B4461-40B3-4425-932F-B436533B208E}
		{EB727DF1-F590-4424-A917-4C382DC52CE1} = {52770F4D-C2B2-447A-8498-2D1E13EECA86}
		{975D01D0-224F-4F06-BC77-A334DD2D302B} = {52770F4D-C2B2-447A-8498-2D1E13EECA86}
		{DA354242-0894-4D85-BA4E-6C36BE4E4FF8} = {52770F4D-C2B2-447A-8498-2D1E13EECA86}
		{BE55C0DB-AD09-430E-A149-A680FB4992D9} = {52770F4D-C2B2-447A-8498-2D1E13EECA86}
		{04F40E45-1811-4DDE-8E52-E63E897A5042} = {52770F4D-C2B2-447A-8498-2D1E13EECA86}
		{15E97647-98E9-44F4-9C44-496E0E321EF7} = {2E856C46-D027-481F-BCFC-44C64225F9FF}
		{55BDED66-D58D-45F0-9D8A-1E915540E82C} = {A8C28097-0281-4E86-BEA0-8864A21B72B9}
		{FC8A8406-ABEC-4454-BA29-043A1C7795FE} = {25ADB53E-2320-490D-BA5D-A919AF7B42E5}
		{4869A865-2455-4FB4-A504-AD086DFEAF70} = {2AC26269-B752-46BF-8C4A-C5F18B733821}
		{433CBB5C-1DAF-4CDA-877B-B59E51D85163} = {2AC26269-B752-46BF-8C4A-C5F18B733821}
		{CF8BC7BD-5BBA-48D2-A334-747D0D11FFB3} = {25ADB53E-2320-490D-BA5D-A919AF7B42E5}
		{B47D2EDF-10E7-477B-B0FF-C308AC152CE1} = {25ADB53E-2320-490D-BA5D-A919AF7B42E5}
	EndGlobalSection
	GlobalSection(ExtensibilityGlobals) = postSolution
		SolutionGuid = {DFCB7DF5-52B3-4B9B-9814-3EC16549A76F}
	EndGlobalSection
EndGlobal
